
Microsoft Visual Studio Solution File, Format Version 12.00
# Visual Studio Version 16
VisualStudioVersion = 16.0.29318.209
MinimumVisualStudioVersion = 10.0.40219.1
Project("{FAE04EC0-301F-11D3-BF4B-00C04F79EFBC}") = "WebApplication4", "WebApplication4.csproj", "{16D7C72F-1F6D-42E3-844D-46F0965245A7}"
EndProject
Project("{FAE04EC0-301F-11D3-BF4B-00C04F79EFBC}") = "ClassLibrary2", "..\ClassLibrary2\ClassLibrary2.csproj", "{258F1EC1-F713-43D2-A9E7-BF7542550859}"
EndProject
Global
	GlobalSection(SolutionConfigurationPlatforms) = preSolution
		Debug|Any CPU = Debug|Any CPU
		Release|Any CPU = Release|Any CPU
	EndGlobalSection
	GlobalSection(ProjectConfigurationPlatforms) = postSolution
		{16D7C72F-1F6D-42E3-844D-46F0965245A7}.Debug|Any CPU.ActiveCfg = Debug|Any CPU
		{16D7C72F-1F6D-42E3-844D-46F0965245A7}.Debug|Any CPU.Build.0 = Debug|Any CPU
		{16D7C72F-1F6D-42E3-844D-46F0965245A7}.Release|Any CPU.ActiveCfg = Release|Any CPU
		{16D7C72F-1F6D-42E3-844D-46F0965245A7}.Release|Any CPU.Build.0 = Release|Any CPU
		{258F1EC1-F713-43D2-A9E7-BF7542550859}.Debug|Any CPU.ActiveCfg = Debug|Any CPU
		{258F1EC1-F713-43D2-A9E7-BF7542550859}.Debug|Any CPU.Build.0 = Debug|Any CPU
		{258F1EC1-F713-43D2-A9E7-BF7542550859}.Release|Any CPU.ActiveCfg = Release|Any CPU
		{258F1EC1-F713-43D2-A9E7-BF7542550859}.Release|Any CPU.Build.0 = Release|Any CPU
	EndGlobalSection
	GlobalSection(SolutionProperties) = preSolution
		HideSolutionNode = FALSE
	EndGlobalSection
	GlobalSection(ExtensibilityGlobals) = postSolution
		SolutionGuid = {C39ED00D-7170-4BD5-90A1-F27703204084}
	EndGlobalSection
EndGlobal
